
Microsoft Visual Studio Solution File, Format Version 12.00
# Visual Studio Version 16
VisualStudioVersion = 16.0.30621.155
MinimumVisualStudioVersion = 10.0.40219.1
Project("{FAE04EC0-301F-11D3-BF4B-00C04F79EFBC}") = "ConsoleApp1", "ConsoleApp1\ConsoleApp1.csproj", "{DFF1A04A-451D-42F3-880A-B6C7FF768EEE}"
EndProject
Global
	GlobalSection(SolutionConfigurationPlatforms) = preSolution
		Debug|Any CPU = Debug|Any CPU
		Release|Any CPU = Release|Any CPU
	EndGlobalSection
	GlobalSection(ProjectConfigurationPlatforms) = postSolution
		{DFF1A04A-451D-42F3-880A-B6C7FF768EEE}.Debug|Any CPU.ActiveCfg = Debug|Any CPU
		{DFF1A04A-451D-42F3-880A-B6C7FF768EEE}.Debug|Any CPU.Build.0 = Debug|Any CPU
		{DFF1A04A-451D-42F3-880A-B6C7FF768EEE}.Release|Any CPU.ActiveCfg = Release|Any CPU
		{DFF1A04A-451D-42F3-880A-B6C7FF768EEE}.Release|Any CPU.Build.0 = Release|Any CPU
	EndGlobalSection
	GlobalSection(SolutionProperties) = preSolution
		HideSolutionNode = FALSE
	EndGlobalSection
	GlobalSection(ExtensibilityGlobals) = postSolution
		SolutionGuid = {83126A1D-0DF0-4F9B-8DC2-F73B02508359}
	EndGlobalSection
EndGlobal
